// !$*UTF8*$!
{
	archiveVersion = 1;
	classes = {
	};
	objectVersion = 46;
	objects = {

/* Begin PBXBuildFile section */
		3C992D111D578FF30048DCE9 /* main.m in Sources */ = {isa = PBXBuildFile; fileRef = 3C992D101D578FF30048DCE9 /* main.m */; };
		3C992D141D578FF30048DCE9 /* AppDelegate.m in Sources */ = {isa = PBXBuildFile; fileRef = 3C992D131D578FF30048DCE9 /* AppDelegate.m */; };
		3C992D171D578FF30048DCE9 /* ViewController.m in Sources */ = {isa = PBXBuildFile; fileRef = 3C992D161D578FF30048DCE9 /* ViewController.m */; };
		3C992D1A1D578FF30048DCE9 /* Main.storyboard in Resources */ = {isa = PBXBuildFile; fileRef = 3C992D181D578FF30048DCE9 /* Main.storyboard */; };
		3C992D1C1D578FF30048DCE9 /* Assets.xcassets in Resources */ = {isa = PBXBuildFile; fileRef = 3C992D1B1D578FF30048DCE9 /* Assets.xcassets */; };
		3C992D1F1D578FF30048DCE9 /* LaunchScreen.storyboard in Resources */ = {isa = PBXBuildFile; fileRef = 3C992D1D1D578FF30048DCE9 /* LaunchScreen.storyboard */; };
		3C992D2A1D578FF40048DCE9 /* FCAlertViewExampleTests.m in Sources */ = {isa = PBXBuildFile; fileRef = 3C992D291D578FF40048DCE9 /* FCAlertViewExampleTests.m */; };
		3C992D351D578FF40048DCE9 /* FCAlertViewExampleUITests.m in Sources */ = {isa = PBXBuildFile; fileRef = 3C992D341D578FF40048DCE9 /* FCAlertViewExampleUITests.m */; };
		3C992D441D5790C40048DCE9 /* FCAlertView.m in Sources */ = {isa = PBXBuildFile; fileRef = 3C992D431D5790C40048DCE9 /* FCAlertView.m */; };
		3C992D481D579BE20048DCE9 /* cancel.png in Resources */ = {isa = PBXBuildFile; fileRef = 3C992D451D579BE20048DCE9 /* cancel.png */; };
		3C992D491D579BE20048DCE9 /* checkmark.png in Resources */ = {isa = PBXBuildFile; fileRef = 3C992D461D579BE20048DCE9 /* checkmark.png */; };
		3C992D4A1D579BE20048DCE9 /* exclamation.png in Resources */ = {isa = PBXBuildFile; fileRef = 3C992D471D579BE20048DCE9 /* exclamation.png */; };
/* End PBXBuildFile section */

/* Begin PBXContainerItemProxy section */
		3C992D261D578FF40048DCE9 /* PBXContainerItemProxy */ = {
			isa = PBXContainerItemProxy;
			containerPortal = 3C992D041D578FF30048DCE9 /* Project object */;
			proxyType = 1;
			remoteGlobalIDString = 3C992D0B1D578FF30048DCE9;
			remoteInfo = FCAlertViewExample;
		};
		3C992D311D578FF40048DCE9 /* PBXContainerItemProxy */ = {
			isa = PBXContainerItemProxy;
			containerPortal = 3C992D041D578FF30048DCE9 /* Project object */;
			proxyType = 1;
			remoteGlobalIDString = 3C992D0B1D578FF30048DCE9;
			remoteInfo = FCAlertViewExample;
		};
/* End PBXContainerItemProxy section */

/* Begin PBXFileReference section */
		3C992D0C1D578FF30048DCE9 /* FCAlertViewExample.app */ = {isa = PBXFileReference; explicitFileType = wrapper.application; includeInIndex = 0; path = FCAlertViewExample.app; sourceTree = BUILT_PRODUCTS_DIR; };
		3C992D101D578FF30048DCE9 /* main.m */ = {isa = PBXFileReference; lastKnownFileType = sourcecode.c.objc; path = main.m; sourceTree = "<group>"; };
		3C992D121D578FF30048DCE9 /* AppDelegate.h */ = {isa = PBXFileReference; lastKnownFileType = sourcecode.c.h; path = AppDelegate.h; sourceTree = "<group>"; };
		3C992D131D578FF30048DCE9 /* AppDelegate.m */ = {isa = PBXFileReference; lastKnownFileType = sourcecode.c.objc; path = AppDelegate.m; sourceTree = "<group>"; };
		3C992D151D578FF30048DCE9 /* ViewController.h */ = {isa = PBXFileReference; lastKnownFileType = sourcecode.c.h; path = ViewController.h; sourceTree = "<group>"; };
		3C992D161D578FF30048DCE9 /* ViewController.m */ = {isa = PBXFileReference; lastKnownFileType = sourcecode.c.objc; path = ViewController.m; sourceTree = "<group>"; };
		3C992D191D578FF30048DCE9 /* Base */ = {isa = PBXFileReference; lastKnownFileType = file.storyboard; name = Base; path = Base.lproj/Main.storyboard; sourceTree = "<group>"; };
		3C992D1B1D578FF30048DCE9 /* Assets.xcassets */ = {isa = PBXFileReference; lastKnownFileType = folder.assetcatalog; path = Assets.xcassets; sourceTree = "<group>"; };
		3C992D1E1D578FF30048DCE9 /* Base */ = {isa = PBXFileReference; lastKnownFileType = file.storyboard; name = Base; path = Base.lproj/LaunchScreen.storyboard; sourceTree = "<group>"; };
		3C992D201D578FF30048DCE9 /* Info.plist */ = {isa = PBXFileReference; lastKnownFileType = text.plist.xml; path = Info.plist; sourceTree = "<group>"; };
		3C992D251D578FF40048DCE9 /* FCAlertViewExampleTests.xctest */ = {isa = PBXFileReference; explicitFileType = wrapper.cfbundle; includeInIndex = 0; path = FCAlertViewExampleTests.xctest; sourceTree = BUILT_PRODUCTS_DIR; };
		3C992D291D578FF40048DCE9 /* FCAlertViewExampleTests.m */ = {isa = PBXFileReference; lastKnownFileType = sourcecode.c.objc; path = FCAlertViewExampleTests.m; sourceTree = "<group>"; };
		3C992D2B1D578FF40048DCE9 /* Info.plist */ = {isa = PBXFileReference; lastKnownFileType = text.plist.xml; path = Info.plist; sourceTree = "<group>"; };
		3C992D301D578FF40048DCE9 /* FCAlertViewExampleUITests.xctest */ = {isa = PBXFileReference; explicitFileType = wrapper.cfbundle; includeInIndex = 0; path = FCAlertViewExampleUITests.xctest; sourceTree = BUILT_PRODUCTS_DIR; };
		3C992D341D578FF40048DCE9 /* FCAlertViewExampleUITests.m */ = {isa = PBXFileReference; lastKnownFileType = sourcecode.c.objc; path = FCAlertViewExampleUITests.m; sourceTree = "<group>"; };
		3C992D361D578FF40048DCE9 /* Info.plist */ = {isa = PBXFileReference; lastKnownFileType = text.plist.xml; path = Info.plist; sourceTree = "<group>"; };
		3C992D421D5790C40048DCE9 /* FCAlertView.h */ = {isa = PBXFileReference; fileEncoding = 4; lastKnownFileType = sourcecode.c.h; path = FCAlertView.h; sourceTree = "<group>"; };
		3C992D431D5790C40048DCE9 /* FCAlertView.m */ = {isa = PBXFileReference; fileEncoding = 4; lastKnownFileType = sourcecode.c.objc; path = FCAlertView.m; sourceTree = "<group>"; };
		3C992D451D579BE20048DCE9 /* cancel.png */ = {isa = PBXFileReference; lastKnownFileType = image.png; path = cancel.png; sourceTree = "<group>"; };
		3C992D461D579BE20048DCE9 /* checkmark.png */ = {isa = PBXFileReference; lastKnownFileType = image.png; path = checkmark.png; sourceTree = "<group>"; };
		3C992D471D579BE20048DCE9 /* exclamation.png */ = {isa = PBXFileReference; lastKnownFileType = image.png; path = exclamation.png; sourceTree = "<group>"; };
/* End PBXFileReference section */

/* Begin PBXFrameworksBuildPhase section */
		3C992D091D578FF30048DCE9 /* Frameworks */ = {
			isa = PBXFrameworksBuildPhase;
			buildActionMask = 2147483647;
			files = (
			);
			runOnlyForDeploymentPostprocessing = 0;
		};
		3C992D221D578FF40048DCE9 /* Frameworks */ = {
			isa = PBXFrameworksBuildPhase;
			buildActionMask = 2147483647;
			files = (
			);
			runOnlyForDeploymentPostprocessing = 0;
		};
		3C992D2D1D578FF40048DCE9 /* Frameworks */ = {
			isa = PBXFrameworksBuildPhase;
			buildActionMask = 2147483647;
			files = (
			);
			runOnlyForDeploymentPostprocessing = 0;
		};
/* End PBXFrameworksBuildPhase section */

/* Begin PBXGroup section */
		3C992D031D578FF30048DCE9 = {
			isa = PBXGroup;
			children = (
				3C992D0E1D578FF30048DCE9 /* FCAlertViewExample */,
				3C992D281D578FF40048DCE9 /* FCAlertViewExampleTests */,
				3C992D331D578FF40048DCE9 /* FCAlertViewExampleUITests */,
				3C992D0D1D578FF30048DCE9 /* Products */,
			);
			sourceTree = "<group>";
		};
		3C992D0D1D578FF30048DCE9 /* Products */ = {
			isa = PBXGroup;
			children = (
				3C992D0C1D578FF30048DCE9 /* FCAlertViewExample.app */,
				3C992D251D578FF40048DCE9 /* FCAlertViewExampleTests.xctest */,
				3C992D301D578FF40048DCE9 /* FCAlertViewExampleUITests.xctest */,
			);
			name = Products;
			sourceTree = "<group>";
		};
		3C992D0E1D578FF30048DCE9 /* FCAlertViewExample */ = {
			isa = PBXGroup;
			children = (
				3C992D121D578FF30048DCE9 /* AppDelegate.h */,
				3C992D131D578FF30048DCE9 /* AppDelegate.m */,
				3C992D151D578FF30048DCE9 /* ViewController.h */,
				3C992D161D578FF30048DCE9 /* ViewController.m */,
				3C992D421D5790C40048DCE9 /* FCAlertView.h */,
				3C992D431D5790C40048DCE9 /* FCAlertView.m */,
				3C992D4B1D579BE70048DCE9 /* AlertType Vectors */,
				3C992D1B1D578FF30048DCE9 /* Assets.xcassets */,
				3C992D181D578FF30048DCE9 /* Main.storyboard */,
				3C992D1D1D578FF30048DCE9 /* LaunchScreen.storyboard */,
				3C992D201D578FF30048DCE9 /* Info.plist */,
				3C992D0F1D578FF30048DCE9 /* Supporting Files */,
			);
			path = FCAlertViewExample;
			sourceTree = "<group>";
		};
		3C992D0F1D578FF30048DCE9 /* Supporting Files */ = {
			isa = PBXGroup;
			children = (
				3C992D101D578FF30048DCE9 /* main.m */,
			);
			name = "Supporting Files";
			sourceTree = "<group>";
		};
		3C992D281D578FF40048DCE9 /* FCAlertViewExampleTests */ = {
			isa = PBXGroup;
			children = (
				3C992D291D578FF40048DCE9 /* FCAlertViewExampleTests.m */,
				3C992D2B1D578FF40048DCE9 /* Info.plist */,
			);
			path = FCAlertViewExampleTests;
			sourceTree = "<group>";
		};
		3C992D331D578FF40048DCE9 /* FCAlertViewExampleUITests */ = {
			isa = PBXGroup;
			children = (
				3C992D341D578FF40048DCE9 /* FCAlertViewExampleUITests.m */,
				3C992D361D578FF40048DCE9 /* Info.plist */,
			);
			path = FCAlertViewExampleUITests;
			sourceTree = "<group>";
		};
		3C992D4B1D579BE70048DCE9 /* AlertType Vectors */ = {
			isa = PBXGroup;
			children = (
				3C992D451D579BE20048DCE9 /* cancel.png */,
				3C992D461D579BE20048DCE9 /* checkmark.png */,
				3C992D471D579BE20048DCE9 /* exclamation.png */,
			);
			name = "AlertType Vectors";
			sourceTree = "<group>";
		};
/* End PBXGroup section */

/* Begin PBXNativeTarget section */
		3C992D0B1D578FF30048DCE9 /* FCAlertViewExample */ = {
			isa = PBXNativeTarget;
			buildConfigurationList = 3C992D391D578FF40048DCE9 /* Build configuration list for PBXNativeTarget "FCAlertViewExample" */;
			buildPhases = (
				3C992D081D578FF30048DCE9 /* Sources */,
				3C992D091D578FF30048DCE9 /* Frameworks */,
				3C992D0A1D578FF30048DCE9 /* Resources */,
			);
			buildRules = (
			);
			dependencies = (
			);
			name = FCAlertViewExample;
			productName = FCAlertViewExample;
			productReference = 3C992D0C1D578FF30048DCE9 /* FCAlertViewExample.app */;
			productType = "com.apple.product-type.application";
		};
		3C992D241D578FF40048DCE9 /* FCAlertViewExampleTests */ = {
			isa = PBXNativeTarget;
			buildConfigurationList = 3C992D3C1D578FF40048DCE9 /* Build configuration list for PBXNativeTarget "FCAlertViewExampleTests" */;
			buildPhases = (
				3C992D211D578FF40048DCE9 /* Sources */,
				3C992D221D578FF40048DCE9 /* Frameworks */,
				3C992D231D578FF40048DCE9 /* Resources */,
			);
			buildRules = (
			);
			dependencies = (
				3C992D271D578FF40048DCE9 /* PBXTargetDependency */,
			);
			name = FCAlertViewExampleTests;
			productName = FCAlertViewExampleTests;
			productReference = 3C992D251D578FF40048DCE9 /* FCAlertViewExampleTests.xctest */;
			productType = "com.apple.product-type.bundle.unit-test";
		};
		3C992D2F1D578FF40048DCE9 /* FCAlertViewExampleUITests */ = {
			isa = PBXNativeTarget;
			buildConfigurationList = 3C992D3F1D578FF40048DCE9 /* Build configuration list for PBXNativeTarget "FCAlertViewExampleUITests" */;
			buildPhases = (
				3C992D2C1D578FF40048DCE9 /* Sources */,
				3C992D2D1D578FF40048DCE9 /* Frameworks */,
				3C992D2E1D578FF40048DCE9 /* Resources */,
			);
			buildRules = (
			);
			dependencies = (
				3C992D321D578FF40048DCE9 /* PBXTargetDependency */,
			);
			name = FCAlertViewExampleUITests;
			productName = FCAlertViewExampleUITests;
			productReference = 3C992D301D578FF40048DCE9 /* FCAlertViewExampleUITests.xctest */;
			productType = "com.apple.product-type.bundle.ui-testing";
		};
/* End PBXNativeTarget section */

/* Begin PBXProject section */
		3C992D041D578FF30048DCE9 /* Project object */ = {
			isa = PBXProject;
			attributes = {
				LastUpgradeCheck = 0730;
				ORGANIZATIONNAME = "Nima Tahami";
				TargetAttributes = {
					3C992D0B1D578FF30048DCE9 = {
						CreatedOnToolsVersion = 7.3.1;
					};
					3C992D241D578FF40048DCE9 = {
						CreatedOnToolsVersion = 7.3.1;
						TestTargetID = 3C992D0B1D578FF30048DCE9;
					};
					3C992D2F1D578FF40048DCE9 = {
						CreatedOnToolsVersion = 7.3.1;
						TestTargetID = 3C992D0B1D578FF30048DCE9;
					};
				};
			};
			buildConfigurationList = 3C992D071D578FF30048DCE9 /* Build configuration list for PBXProject "FCAlertViewExample" */;
			compatibilityVersion = "Xcode 3.2";
			developmentRegion = English;
			hasScannedForEncodings = 0;
			knownRegions = (
				en,
				Base,
			);
			mainGroup = 3C992D031D578FF30048DCE9;
			productRefGroup = 3C992D0D1D578FF30048DCE9 /* Products */;
			projectDirPath = "";
			projectRoot = "";
			targets = (
				3C992D0B1D578FF30048DCE9 /* FCAlertViewExample */,
				3C992D241D578FF40048DCE9 /* FCAlertViewExampleTests */,
				3C992D2F1D578FF40048DCE9 /* FCAlertViewExampleUITests */,
			);
		};
/* End PBXProject section */

/* Begin PBXResourcesBuildPhase section */
		3C992D0A1D578FF30048DCE9 /* Resources */ = {
			isa = PBXResourcesBuildPhase;
			buildActionMask = 2147483647;
			files = (
				3C992D1F1D578FF30048DCE9 /* LaunchScreen.storyboard in Resources */,
				3C992D491D579BE20048DCE9 /* checkmark.png in Resources */,
				3C992D1C1D578FF30048DCE9 /* Assets.xcassets in Resources */,
				3C992D4A1D579BE20048DCE9 /* exclamation.png in Resources */,
				3C992D1A1D578FF30048DCE9 /* Main.storyboard in Resources */,
				3C992D481D579BE20048DCE9 /* cancel.png in Resources */,
			);
			runOnlyForDeploymentPostprocessing = 0;
		};
		3C992D231D578FF40048DCE9 /* Resources */ = {
			isa = PBXResourcesBuildPhase;
			buildActionMask = 2147483647;
			files = (
			);
			runOnlyForDeploymentPostprocessing = 0;
		};
		3C992D2E1D578FF40048DCE9 /* Resources */ = {
			isa = PBXResourcesBuildPhase;
			buildActionMask = 2147483647;
			files = (
			);
			runOnlyForDeploymentPostprocessing = 0;
		};
/* End PBXResourcesBuildPhase section */

/* Begin PBXSourcesBuildPhase section */
		3C992D081D578FF30048DCE9 /* Sources */ = {
			isa = PBXSourcesBuildPhase;
			buildActionMask = 2147483647;
			files = (
				3C992D441D5790C40048DCE9 /* FCAlertView.m in Sources */,
				3C992D171D578FF30048DCE9 /* ViewController.m in Sources */,
				3C992D141D578FF30048DCE9 /* AppDelegate.m in Sources */,
				3C992D111D578FF30048DCE9 /* main.m in Sources */,
			);
			runOnlyForDeploymentPostprocessing = 0;
		};
		3C992D211D578FF40048DCE9 /* Sources */ = {
			isa = PBXSourcesBuildPhase;
			buildActionMask = 2147483647;
			files = (
				3C992D2A1D578FF40048DCE9 /* FCAlertViewExampleTests.m in Sources */,
			);
			runOnlyForDeploymentPostprocessing = 0;
		};
		3C992D2C1D578FF40048DCE9 /* Sources */ = {
			isa = PBXSourcesBuildPhase;
			buildActionMask = 2147483647;
			files = (
				3C992D351D578FF40048DCE9 /* FCAlertViewExampleUITests.m in Sources */,
			);
			runOnlyForDeploymentPostprocessing = 0;
		};
/* End PBXSourcesBuildPhase section */

/* Begin PBXTargetDependency section */
		3C992D271D578FF40048DCE9 /* PBXTargetDependency */ = {
			isa = PBXTargetDependency;
			target = 3C992D0B1D578FF30048DCE9 /* FCAlertViewExample */;
			targetProxy = 3C992D261D578FF40048DCE9 /* PBXContainerItemProxy */;
		};
		3C992D321D578FF40048DCE9 /* PBXTargetDependency */ = {
			isa = PBXTargetDependency;
			target = 3C992D0B1D578FF30048DCE9 /* FCAlertViewExample */;
			targetProxy = 3C992D311D578FF40048DCE9 /* PBXContainerItemProxy */;
		};
/* End PBXTargetDependency section */

/* Begin PBXVariantGroup section */
		3C992D181D578FF30048DCE9 /* Main.storyboard */ = {
			isa = PBXVariantGroup;
			children = (
				3C992D191D578FF30048DCE9 /* Base */,
			);
			name = Main.storyboard;
			sourceTree = "<group>";
		};
		3C992D1D1D578FF30048DCE9 /* LaunchScreen.storyboard */ = {
			isa = PBXVariantGroup;
			children = (
				3C992D1E1D578FF30048DCE9 /* Base */,
			);
			name = LaunchScreen.storyboard;
			sourceTree = "<group>";
		};
/* End PBXVariantGroup section */

/* Begin XCBuildConfiguration section */
		3C992D371D578FF40048DCE9 /* Debug */ = {
			isa = XCBuildConfiguration;
			buildSettings = {
				ALWAYS_SEARCH_USER_PATHS = NO;
				CLANG_ANALYZER_NONNULL = YES;
				CLANG_CXX_LANGUAGE_STANDARD = "gnu++0x";
				CLANG_CXX_LIBRARY = "libc++";
				CLANG_ENABLE_MODULES = YES;
				CLANG_ENABLE_OBJC_ARC = YES;
				CLANG_WARN_BOOL_CONVERSION = YES;
				CLANG_WARN_CONSTANT_CONVERSION = YES;
				CLANG_WARN_DIRECT_OBJC_ISA_USAGE = YES_ERROR;
				CLANG_WARN_EMPTY_BODY = YES;
				CLANG_WARN_ENUM_CONVERSION = YES;
				CLANG_WARN_INT_CONVERSION = YES;
				CLANG_WARN_OBJC_ROOT_CLASS = YES_ERROR;
				CLANG_WARN_UNREACHABLE_CODE = YES;
				CLANG_WARN__DUPLICATE_METHOD_MATCH = YES;
				"CODE_SIGN_IDENTITY[sdk=iphoneos*]" = "iPhone Developer";
				COPY_PHASE_STRIP = NO;
				DEBUG_INFORMATION_FORMAT = dwarf;
				ENABLE_STRICT_OBJC_MSGSEND = YES;
				ENABLE_TESTABILITY = YES;
				GCC_C_LANGUAGE_STANDARD = gnu99;
				GCC_DYNAMIC_NO_PIC = NO;
				GCC_NO_COMMON_BLOCKS = YES;
				GCC_OPTIMIZATION_LEVEL = 0;
				GCC_PREPROCESSOR_DEFINITIONS = (
					"DEBUG=1",
					"$(inherited)",
				);
				GCC_WARN_64_TO_32_BIT_CONVERSION = YES;
				GCC_WARN_ABOUT_RETURN_TYPE = YES_ERROR;
				GCC_WARN_UNDECLARED_SELECTOR = YES;
				GCC_WARN_UNINITIALIZED_AUTOS = YES_AGGRESSIVE;
				GCC_WARN_UNUSED_FUNCTION = YES;
				GCC_WARN_UNUSED_VARIABLE = YES;
				IPHONEOS_DEPLOYMENT_TARGET = 9.3;
				MTL_ENABLE_DEBUG_INFO = YES;
				ONLY_ACTIVE_ARCH = YES;
				SDKROOT = iphoneos;
			};
			name = Debug;
		};
		3C992D381D578FF40048DCE9 /* Release */ = {
			isa = XCBuildConfiguration;
			buildSettings = {
				ALWAYS_SEARCH_USER_PATHS = NO;
				CLANG_ANALYZER_NONNULL = YES;
				CLANG_CXX_LANGUAGE_STANDARD = "gnu++0x";
				CLANG_CXX_LIBRARY = "libc++";
				CLANG_ENABLE_MODULES = YES;
				CLANG_ENABLE_OBJC_ARC = YES;
				CLANG_WARN_BOOL_CONVERSION = YES;
				CLANG_WARN_CONSTANT_CONVERSION = YES;
				CLANG_WARN_DIRECT_OBJC_ISA_USAGE = YES_ERROR;
				CLANG_WARN_EMPTY_BODY = YES;
				CLANG_WARN_ENUM_CONVERSION = YES;
				CLANG_WARN_INT_CONVERSION = YES;
				CLANG_WARN_OBJC_ROOT_CLASS = YES_ERROR;
				CLANG_WARN_UNREACHABLE_CODE = YES;
				CLANG_WARN__DUPLICATE_METHOD_MATCH = YES;
				"CODE_SIGN_IDENTITY[sdk=iphoneos*]" = "iPhone Developer";
				COPY_PHASE_STRIP = NO;
				DEBUG_INFORMATION_FORMAT = "dwarf-with-dsym";
				ENABLE_NS_ASSERTIONS = NO;
				ENABLE_STRICT_OBJC_MSGSEND = YES;
				GCC_C_LANGUAGE_STANDARD = gnu99;
				GCC_NO_COMMON_BLOCKS = YES;
				GCC_WARN_64_TO_32_BIT_CONVERSION = YES;
				GCC_WARN_ABOUT_RETURN_TYPE = YES_ERROR;
				GCC_WARN_UNDECLARED_SELECTOR = YES;
				GCC_WARN_UNINITIALIZED_AUTOS = YES_AGGRESSIVE;
				GCC_WARN_UNUSED_FUNCTION = YES;
				GCC_WARN_UNUSED_VARIABLE = YES;
				IPHONEOS_DEPLOYMENT_TARGET = 9.3;
				MTL_ENABLE_DEBUG_INFO = NO;
				SDKROOT = iphoneos;
				VALIDATE_PRODUCT = YES;
			};
			name = Release;
		};
		3C992D3A1D578FF40048DCE9 /* Debug */ = {
			isa = XCBuildConfiguration;
			buildSettings = {
				ASSETCATALOG_COMPILER_APPICON_NAME = AppIcon;
				INFOPLIST_FILE = FCAlertViewExample/Info.plist;
				LD_RUNPATH_SEARCH_PATHS = "$(inherited) @executable_path/Frameworks";
				PRODUCT_BUNDLE_IDENTIFIER = com.nimatahami.FCAlertViewExample;
				PRODUCT_NAME = "$(TARGET_NAME)";
			};
			name = Debug;
		};
		3C992D3B1D578FF40048DCE9 /* Release */ = {
			isa = XCBuildConfiguration;
			buildSettings = {
				ASSETCATALOG_COMPILER_APPICON_NAME = AppIcon;
				INFOPLIST_FILE = FCAlertViewExample/Info.plist;
				LD_RUNPATH_SEARCH_PATHS = "$(inherited) @executable_path/Frameworks";
				PRODUCT_BUNDLE_IDENTIFIER = com.nimatahami.FCAlertViewExample;
				PRODUCT_NAME = "$(TARGET_NAME)";
			};
			name = Release;
		};
		3C992D3D1D578FF40048DCE9 /* Debug */ = {
			isa = XCBuildConfiguration;
			buildSettings = {
				BUNDLE_LOADER = "$(TEST_HOST)";
				INFOPLIST_FILE = FCAlertViewExampleTests/Info.plist;
				LD_RUNPATH_SEARCH_PATHS = "$(inherited) @executable_path/Frameworks @loader_path/Frameworks";
				PRODUCT_BUNDLE_IDENTIFIER = com.nimatahami.FCAlertViewExampleTests;
				PRODUCT_NAME = "$(TARGET_NAME)";
				TEST_HOST = "$(BUILT_PRODUCTS_DIR)/FCAlertViewExample.app/FCAlertViewExample";
			};
			name = Debug;
		};
		3C992D3E1D578FF40048DCE9 /* Release */ = {
			isa = XCBuildConfiguration;
			buildSettings = {
				BUNDLE_LOADER = "$(TEST_HOST)";
				INFOPLIST_FILE = FCAlertViewExampleTests/Info.plist;
				LD_RUNPATH_SEARCH_PATHS = "$(inherited) @executable_path/Frameworks @loader_path/Frameworks";
				PRODUCT_BUNDLE_IDENTIFIER = com.nimatahami.FCAlertViewExampleTests;
				PRODUCT_NAME = "$(TARGET_NAME)";
				TEST_HOST = "$(BUILT_PRODUCTS_DIR)/FCAlertViewExample.app/FCAlertViewExample";
			};
			name = Release;
		};
		3C992D401D578FF40048DCE9 /* Debug */ = {
			isa = XCBuildConfiguration;
			buildSettings = {
				INFOPLIST_FILE = FCAlertViewExampleUITests/Info.plist;
				LD_RUNPATH_SEARCH_PATHS = "$(inherited) @executable_path/Frameworks @loader_path/Frameworks";
				PRODUCT_BUNDLE_IDENTIFIER = com.nimatahami.FCAlertViewExampleUITests;
				PRODUCT_NAME = "$(TARGET_NAME)";
				TEST_TARGET_NAME = FCAlertViewExample;
			};
			name = Debug;
		};
		3C992D411D578FF40048DCE9 /* Release */ = {
			isa = XCBuildConfiguration;
			buildSettings = {
				INFOPLIST_FILE = FCAlertViewExampleUITests/Info.plist;
				LD_RUNPATH_SEARCH_PATHS = "$(inherited) @executable_path/Frameworks @loader_path/Frameworks";
				PRODUCT_BUNDLE_IDENTIFIER = com.nimatahami.FCAlertViewExampleUITests;
				PRODUCT_NAME = "$(TARGET_NAME)";
				TEST_TARGET_NAME = FCAlertViewExample;
			};
			name = Release;
		};
/* End XCBuildConfiguration section */

/* Begin XCConfigurationList section */
		3C992D071D578FF30048DCE9 /* Build configuration list for PBXProject "FCAlertViewExample" */ = {
			isa = XCConfigurationList;
			buildConfigurations = (
				3C992D371D578FF40048DCE9 /* Debug */,
				3C992D381D578FF40048DCE9 /* Release */,
			);
			defaultConfigurationIsVisible = 0;
			defaultConfigurationName = Release;
		};
		3C992D391D578FF40048DCE9 /* Build configuration list for PBXNativeTarget "FCAlertViewExample" */ = {
			isa = XCConfigurationList;
			buildConfigurations = (
				3C992D3A1D578FF40048DCE9 /* Debug */,
				3C992D3B1D578FF40048DCE9 /* Release */,
			);
			defaultConfigurationIsVisible = 0;
		};
		3C992D3C1D578FF40048DCE9 /* Build configuration list for PBXNativeTarget "FCAlertViewExampleTests" */ = {
			isa = XCConfigurationList;
			buildConfigurations = (
				3C992D3D1D578FF40048DCE9 /* Debug */,
				3C992D3E1D578FF40048DCE9 /* Release */,
			);
			defaultConfigurationIsVisible = 0;
		};
		3C992D3F1D578FF40048DCE9 /* Build configuration list for PBXNativeTarget "FCAlertViewExampleUITests" */ = {
			isa = XCConfigurationList;
			buildConfigurations = (
				3C992D401D578FF40048DCE9 /* Debug */,
				3C992D411D578FF40048DCE9 /* Release */,
			);
			defaultConfigurationIsVisible = 0;
		};
/* End XCConfigurationList section */
	};
	rootObject = 3C992D041D578FF30048DCE9 /* Project object */;
}
